
Microsoft Visual Studio Solution File, Format Version 12.00
# Visual Studio 15
VisualStudioVersion = 15.0.28307.271
MinimumVisualStudioVersion = 10.0.40219.1
Project("{FAE04EC0-301F-11D3-BF4B-00C04F79EFBC}") = "ASPHelloWorld", "ASPHelloWorld\ASPHelloWorld.csproj", "{428D9F74-494B-4219-86F1-18A8FBE55B03}"
EndProject
Project("{FAE04EC0-301F-11D3-BF4B-00C04F79EFBC}") = "OdeToFood.Core", "OdeToFood.Core\OdeToFood.Core.csproj", "{6186F37E-3715-4D00-A52C-B94C9DCEAB33}"
EndProject
Project("{FAE04EC0-301F-11D3-BF4B-00C04F79EFBC}") = "OdeToFood.Data", "OdeToFood.Data\OdeToFood.Data.csproj", "{2871B6AB-133B-4109-99F1-DFA037765D24}"
EndProject
Global
	GlobalSection(SolutionConfigurationPlatforms) = preSolution
		Debug|Any CPU = Debug|Any CPU
		Release|Any CPU = Release|Any CPU
	EndGlobalSection
	GlobalSection(ProjectConfigurationPlatforms) = postSolution
		{428D9F74-494B-4219-86F1-18A8FBE55B03}.Debug|Any CPU.ActiveCfg = Debug|Any CPU
		{428D9F74-494B-4219-86F1-18A8FBE55B03}.Debug|Any CPU.Build.0 = Debug|Any CPU
		{428D9F74-494B-4219-86F1-18A8FBE55B03}.Release|Any CPU.ActiveCfg = Release|Any CPU
		{428D9F74-494B-4219-86F1-18A8FBE55B03}.Release|Any CPU.Build.0 = Release|Any CPU
		{6186F37E-3715-4D00-A52C-B94C9DCEAB33}.Debug|Any CPU.ActiveCfg = Debug|Any CPU
		{6186F37E-3715-4D00-A52C-B94C9DCEAB33}.Debug|Any CPU.Build.0 = Debug|Any CPU
		{6186F37E-3715-4D00-A52C-B94C9DCEAB33}.Release|Any CPU.ActiveCfg = Release|Any CPU
		{6186F37E-3715-4D00-A52C-B94C9DCEAB33}.Release|Any CPU.Build.0 = Release|Any CPU
		{2871B6AB-133B-4109-99F1-DFA037765D24}.Debug|Any CPU.ActiveCfg = Debug|Any CPU
		{2871B6AB-133B-4109-99F1-DFA037765D24}.Debug|Any CPU.Build.0 = Debug|Any CPU
		{2871B6AB-133B-4109-99F1-DFA037765D24}.Release|Any CPU.ActiveCfg = Release|Any CPU
		{2871B6AB-133B-4109-99F1-DFA037765D24}.Release|Any CPU.Build.0 = Release|Any CPU
	EndGlobalSection
	GlobalSection(SolutionProperties) = preSolution
		HideSolutionNode = FALSE
	EndGlobalSection
	GlobalSection(ExtensibilityGlobals) = postSolution
		SolutionGuid = {5ED20B4C-5F69-4A58-9879-498FC11E69A6}
	EndGlobalSection
EndGlobal
